
Microsoft Visual Studio Solution File, Format Version 12.00
# Visual Studio Version 16
VisualStudioVersion = 16.0.30225.117
MinimumVisualStudioVersion = 10.0.40219.1
Project("{8BC9CEB8-8B4A-11D0-8D11-00A0C91BC942}") = "hw_problem1", "hw_problem1.vcxproj", "{BE478F7C-AE7A-4F93-BA92-A2DB58E71025}"
EndProject
Global
	GlobalSection(SolutionConfigurationPlatforms) = preSolution
		Debug|x64 = Debug|x64
		Release|x64 = Release|x64
	EndGlobalSection
	GlobalSection(ProjectConfigurationPlatforms) = postSolution
		{BE478F7C-AE7A-4F93-BA92-A2DB58E71025}.Debug|x64.ActiveCfg = Debug|x64
		{BE478F7C-AE7A-4F93-BA92-A2DB58E71025}.Debug|x64.Build.0 = Debug|x64
		{BE478F7C-AE7A-4F93-BA92-A2DB58E71025}.Release|x64.ActiveCfg = Release|x64
		{BE478F7C-AE7A-4F93-BA92-A2DB58E71025}.Release|x64.Build.0 = Release|x64
	EndGlobalSection
	GlobalSection(SolutionProperties) = preSolution
		HideSolutionNode = FALSE
	EndGlobalSection
	GlobalSection(ExtensibilityGlobals) = postSolution
		SolutionGuid = {AE5B3242-6700-4B19-B1EA-FEE1CA9AF01C}
	EndGlobalSection
EndGlobal
