
Microsoft Visual Studio Solution File, Format Version 12.00
# Visual Studio Version 16
VisualStudioVersion = 16.0.30204.135
MinimumVisualStudioVersion = 10.0.40219.1
Project("{8BC9CEB8-8B4A-11D0-8D11-00A0C91BC942}") = "week1", "week1\week1.vcxproj", "{84C98095-E00B-4698-84E2-5A0FDBC08D62}"
EndProject
Global
	GlobalSection(SolutionConfigurationPlatforms) = preSolution
		Debug|x64 = Debug|x64
		Release|x64 = Release|x64
	EndGlobalSection
	GlobalSection(ProjectConfigurationPlatforms) = postSolution
		{84C98095-E00B-4698-84E2-5A0FDBC08D62}.Debug|x64.ActiveCfg = Debug|x64
		{84C98095-E00B-4698-84E2-5A0FDBC08D62}.Debug|x64.Build.0 = Debug|x64
		{84C98095-E00B-4698-84E2-5A0FDBC08D62}.Release|x64.ActiveCfg = Release|x64
		{84C98095-E00B-4698-84E2-5A0FDBC08D62}.Release|x64.Build.0 = Release|x64
	EndGlobalSection
	GlobalSection(SolutionProperties) = preSolution
		HideSolutionNode = FALSE
	EndGlobalSection
	GlobalSection(ExtensibilityGlobals) = postSolution
		SolutionGuid = {F9AA53C0-FA73-4F59-9F8F-C546315BE4E1}
	EndGlobalSection
EndGlobal
